// !$*UTF8*$!
{
	archiveVersion = 1;
	classes = {
	};
	objectVersion = 50;
	objects = {

/* Begin PBXBuildFile section */
		9B2E422B2301AE6D000F35A4 /* AppDelegate.swift in Sources */ = {isa = PBXBuildFile; fileRef = 9B2E422A2301AE6D000F35A4 /* AppDelegate.swift */; };
		9B2E422D2301AE6D000F35A4 /* ViewController.swift in Sources */ = {isa = PBXBuildFile; fileRef = 9B2E422C2301AE6D000F35A4 /* ViewController.swift */; };
		9B2E42302301AE6D000F35A4 /* Main.storyboard in Resources */ = {isa = PBXBuildFile; fileRef = 9B2E422E2301AE6D000F35A4 /* Main.storyboard */; };
		9B2E42322301AE72000F35A4 /* Assets.xcassets in Resources */ = {isa = PBXBuildFile; fileRef = 9B2E42312301AE72000F35A4 /* Assets.xcassets */; };
		9B2E42352301AE72000F35A4 /* LaunchScreen.storyboard in Resources */ = {isa = PBXBuildFile; fileRef = 9B2E42332301AE72000F35A4 /* LaunchScreen.storyboard */; };
		9B2E42402301AE73000F35A4 /* Tip_TopTests.swift in Sources */ = {isa = PBXBuildFile; fileRef = 9B2E423F2301AE73000F35A4 /* Tip_TopTests.swift */; };
		9B2E424B2301AE73000F35A4 /* Tip_TopUITests.swift in Sources */ = {isa = PBXBuildFile; fileRef = 9B2E424A2301AE73000F35A4 /* Tip_TopUITests.swift */; };
/* End PBXBuildFile section */

/* Begin PBXContainerItemProxy section */
		9B2E423C2301AE73000F35A4 /* PBXContainerItemProxy */ = {
			isa = PBXContainerItemProxy;
			containerPortal = 9B2E421F2301AE6D000F35A4 /* Project object */;
			proxyType = 1;
			remoteGlobalIDString = 9B2E42262301AE6D000F35A4;
			remoteInfo = "Tip-Top";
		};
		9B2E42472301AE73000F35A4 /* PBXContainerItemProxy */ = {
			isa = PBXContainerItemProxy;
			containerPortal = 9B2E421F2301AE6D000F35A4 /* Project object */;
			proxyType = 1;
			remoteGlobalIDString = 9B2E42262301AE6D000F35A4;
			remoteInfo = "Tip-Top";
		};
/* End PBXContainerItemProxy section */

/* Begin PBXFileReference section */
		9B2E42272301AE6D000F35A4 /* Tip-Top.app */ = {isa = PBXFileReference; explicitFileType = wrapper.application; includeInIndex = 0; path = "Tip-Top.app"; sourceTree = BUILT_PRODUCTS_DIR; };
		9B2E422A2301AE6D000F35A4 /* AppDelegate.swift */ = {isa = PBXFileReference; lastKnownFileType = sourcecode.swift; path = AppDelegate.swift; sourceTree = "<group>"; };
		9B2E422C2301AE6D000F35A4 /* ViewController.swift */ = {isa = PBXFileReference; lastKnownFileType = sourcecode.swift; path = ViewController.swift; sourceTree = "<group>"; };
		9B2E422F2301AE6D000F35A4 /* Base */ = {isa = PBXFileReference; lastKnownFileType = file.storyboard; name = Base; path = Base.lproj/Main.storyboard; sourceTree = "<group>"; };
		9B2E42312301AE72000F35A4 /* Assets.xcassets */ = {isa = PBXFileReference; lastKnownFileType = folder.assetcatalog; path = Assets.xcassets; sourceTree = "<group>"; };
		9B2E42342301AE72000F35A4 /* Base */ = {isa = PBXFileReference; lastKnownFileType = file.storyboard; name = Base; path = Base.lproj/LaunchScreen.storyboard; sourceTree = "<group>"; };
		9B2E42362301AE72000F35A4 /* Info.plist */ = {isa = PBXFileReference; lastKnownFileType = text.plist.xml; path = Info.plist; sourceTree = "<group>"; };
		9B2E423B2301AE73000F35A4 /* Tip-TopTests.xctest */ = {isa = PBXFileReference; explicitFileType = wrapper.cfbundle; includeInIndex = 0; path = "Tip-TopTests.xctest"; sourceTree = BUILT_PRODUCTS_DIR; };
		9B2E423F2301AE73000F35A4 /* Tip_TopTests.swift */ = {isa = PBXFileReference; lastKnownFileType = sourcecode.swift; path = Tip_TopTests.swift; sourceTree = "<group>"; };
		9B2E42412301AE73000F35A4 /* Info.plist */ = {isa = PBXFileReference; lastKnownFileType = text.plist.xml; path = Info.plist; sourceTree = "<group>"; };
		9B2E42462301AE73000F35A4 /* Tip-TopUITests.xctest */ = {isa = PBXFileReference; explicitFileType = wrapper.cfbundle; includeInIndex = 0; path = "Tip-TopUITests.xctest"; sourceTree = BUILT_PRODUCTS_DIR; };
		9B2E424A2301AE73000F35A4 /* Tip_TopUITests.swift */ = {isa = PBXFileReference; lastKnownFileType = sourcecode.swift; path = Tip_TopUITests.swift; sourceTree = "<group>"; };
		9B2E424C2301AE73000F35A4 /* Info.plist */ = {isa = PBXFileReference; lastKnownFileType = text.plist.xml; path = Info.plist; sourceTree = "<group>"; };
/* End PBXFileReference section */

/* Begin PBXFrameworksBuildPhase section */
		9B2E42242301AE6D000F35A4 /* Frameworks */ = {
			isa = PBXFrameworksBuildPhase;
			buildActionMask = 2147483647;
			files = (
			);
			runOnlyForDeploymentPostprocessing = 0;
		};
		9B2E42382301AE73000F35A4 /* Frameworks */ = {
			isa = PBXFrameworksBuildPhase;
			buildActionMask = 2147483647;
			files = (
			);
			runOnlyForDeploymentPostprocessing = 0;
		};
		9B2E42432301AE73000F35A4 /* Frameworks */ = {
			isa = PBXFrameworksBuildPhase;
			buildActionMask = 2147483647;
			files = (
			);
			runOnlyForDeploymentPostprocessing = 0;
		};
/* End PBXFrameworksBuildPhase section */

/* Begin PBXGroup section */
		9B2E421E2301AE6D000F35A4 = {
			isa = PBXGroup;
			children = (
				9B2E42292301AE6D000F35A4 /* Tip-Top */,
				9B2E423E2301AE73000F35A4 /* Tip-TopTests */,
				9B2E42492301AE73000F35A4 /* Tip-TopUITests */,
				9B2E42282301AE6D000F35A4 /* Products */,
			);
			sourceTree = "<group>";
		};
		9B2E42282301AE6D000F35A4 /* Products */ = {
			isa = PBXGroup;
			children = (
				9B2E42272301AE6D000F35A4 /* Tip-Top.app */,
				9B2E423B2301AE73000F35A4 /* Tip-TopTests.xctest */,
				9B2E42462301AE73000F35A4 /* Tip-TopUITests.xctest */,
			);
			name = Products;
			sourceTree = "<group>";
		};
		9B2E42292301AE6D000F35A4 /* Tip-Top */ = {
			isa = PBXGroup;
			children = (
				9B2E422A2301AE6D000F35A4 /* AppDelegate.swift */,
				9B2E422C2301AE6D000F35A4 /* ViewController.swift */,
				9B2E422E2301AE6D000F35A4 /* Main.storyboard */,
				9B2E42312301AE72000F35A4 /* Assets.xcassets */,
				9B2E42332301AE72000F35A4 /* LaunchScreen.storyboard */,
				9B2E42362301AE72000F35A4 /* Info.plist */,
			);
			path = "Tip-Top";
			sourceTree = "<group>";
		};
		9B2E423E2301AE73000F35A4 /* Tip-TopTests */ = {
			isa = PBXGroup;
			children = (
				9B2E423F2301AE73000F35A4 /* Tip_TopTests.swift */,
				9B2E42412301AE73000F35A4 /* Info.plist */,
			);
			path = "Tip-TopTests";
			sourceTree = "<group>";
		};
		9B2E42492301AE73000F35A4 /* Tip-TopUITests */ = {
			isa = PBXGroup;
			children = (
				9B2E424A2301AE73000F35A4 /* Tip_TopUITests.swift */,
				9B2E424C2301AE73000F35A4 /* Info.plist */,
			);
			path = "Tip-TopUITests";
			sourceTree = "<group>";
		};
/* End PBXGroup section */

/* Begin PBXNativeTarget section */
		9B2E42262301AE6D000F35A4 /* Tip-Top */ = {
			isa = PBXNativeTarget;
			buildConfigurationList = 9B2E424F2301AE73000F35A4 /* Build configuration list for PBXNativeTarget "Tip-Top" */;
			buildPhases = (
				9B2E42232301AE6D000F35A4 /* Sources */,
				9B2E42242301AE6D000F35A4 /* Frameworks */,
				9B2E42252301AE6D000F35A4 /* Resources */,
			);
			buildRules = (
			);
			dependencies = (
			);
			name = "Tip-Top";
			productName = "Tip-Top";
			productReference = 9B2E42272301AE6D000F35A4 /* Tip-Top.app */;
			productType = "com.apple.product-type.application";
		};
		9B2E423A2301AE73000F35A4 /* Tip-TopTests */ = {
			isa = PBXNativeTarget;
			buildConfigurationList = 9B2E42522301AE73000F35A4 /* Build configuration list for PBXNativeTarget "Tip-TopTests" */;
			buildPhases = (
				9B2E42372301AE73000F35A4 /* Sources */,
				9B2E42382301AE73000F35A4 /* Frameworks */,
				9B2E42392301AE73000F35A4 /* Resources */,
			);
			buildRules = (
			);
			dependencies = (
				9B2E423D2301AE73000F35A4 /* PBXTargetDependency */,
			);
			name = "Tip-TopTests";
			productName = "Tip-TopTests";
			productReference = 9B2E423B2301AE73000F35A4 /* Tip-TopTests.xctest */;
			productType = "com.apple.product-type.bundle.unit-test";
		};
		9B2E42452301AE73000F35A4 /* Tip-TopUITests */ = {
			isa = PBXNativeTarget;
			buildConfigurationList = 9B2E42552301AE73000F35A4 /* Build configuration list for PBXNativeTarget "Tip-TopUITests" */;
			buildPhases = (
				9B2E42422301AE73000F35A4 /* Sources */,
				9B2E42432301AE73000F35A4 /* Frameworks */,
				9B2E42442301AE73000F35A4 /* Resources */,
			);
			buildRules = (
			);
			dependencies = (
				9B2E42482301AE73000F35A4 /* PBXTargetDependency */,
			);
			name = "Tip-TopUITests";
			productName = "Tip-TopUITests";
			productReference = 9B2E42462301AE73000F35A4 /* Tip-TopUITests.xctest */;
			productType = "com.apple.product-type.bundle.ui-testing";
		};
/* End PBXNativeTarget section */

/* Begin PBXProject section */
		9B2E421F2301AE6D000F35A4 /* Project object */ = {
			isa = PBXProject;
			attributes = {
				LastSwiftUpdateCheck = 1030;
				LastUpgradeCheck = 1030;
				ORGANIZATIONNAME = "John Stanton Abrams";
				TargetAttributes = {
					9B2E42262301AE6D000F35A4 = {
						CreatedOnToolsVersion = 10.3;
					};
					9B2E423A2301AE73000F35A4 = {
						CreatedOnToolsVersion = 10.3;
						TestTargetID = 9B2E42262301AE6D000F35A4;
					};
					9B2E42452301AE73000F35A4 = {
						CreatedOnToolsVersion = 10.3;
						TestTargetID = 9B2E42262301AE6D000F35A4;
					};
				};
			};
			buildConfigurationList = 9B2E42222301AE6D000F35A4 /* Build configuration list for PBXProject "Tip-Top" */;
			compatibilityVersion = "Xcode 9.3";
			developmentRegion = en;
			hasScannedForEncodings = 0;
			knownRegions = (
				en,
				Base,
			);
			mainGroup = 9B2E421E2301AE6D000F35A4;
			productRefGroup = 9B2E42282301AE6D000F35A4 /* Products */;
			projectDirPath = "";
			projectRoot = "";
			targets = (
				9B2E42262301AE6D000F35A4 /* Tip-Top */,
				9B2E423A2301AE73000F35A4 /* Tip-TopTests */,
				9B2E42452301AE73000F35A4 /* Tip-TopUITests */,
			);
		};
/* End PBXProject section */

/* Begin PBXResourcesBuildPhase section */
		9B2E42252301AE6D000F35A4 /* Resources */ = {
			isa = PBXResourcesBuildPhase;
			buildActionMask = 2147483647;
			files = (
				9B2E42352301AE72000F35A4 /* LaunchScreen.storyboard in Resources */,
				9B2E42322301AE72000F35A4 /* Assets.xcassets in Resources */,
				9B2E42302301AE6D000F35A4 /* Main.storyboard in Resources */,
			);
			runOnlyForDeploymentPostprocessing = 0;
		};
		9B2E42392301AE73000F35A4 /* Resources */ = {
			isa = PBXResourcesBuildPhase;
			buildActionMask = 2147483647;
			files = (
			);
			runOnlyForDeploymentPostprocessing = 0;
		};
		9B2E42442301AE73000F35A4 /* Resources */ = {
			isa = PBXResourcesBuildPhase;
			buildActionMask = 2147483647;
			files = (
			);
			runOnlyForDeploymentPostprocessing = 0;
		};
/* End PBXResourcesBuildPhase section */

/* Begin PBXSourcesBuildPhase section */
		9B2E42232301AE6D000F35A4 /* Sources */ = {
			isa = PBXSourcesBuildPhase;
			buildActionMask = 2147483647;
			files = (
				9B2E422D2301AE6D000F35A4 /* ViewController.swift in Sources */,
				9B2E422B2301AE6D000F35A4 /* AppDelegate.swift in Sources */,
			);
			runOnlyForDeploymentPostprocessing = 0;
		};
		9B2E42372301AE73000F35A4 /* Sources */ = {
			isa = PBXSourcesBuildPhase;
			buildActionMask = 2147483647;
			files = (
				9B2E42402301AE73000F35A4 /* Tip_TopTests.swift in Sources */,
			);
			runOnlyForDeploymentPostprocessing = 0;
		};
		9B2E42422301AE73000F35A4 /* Sources */ = {
			isa = PBXSourcesBuildPhase;
			buildActionMask = 2147483647;
			files = (
				9B2E424B2301AE73000F35A4 /* Tip_TopUITests.swift in Sources */,
			);
			runOnlyForDeploymentPostprocessing = 0;
		};
/* End PBXSourcesBuildPhase section */

/* Begin PBXTargetDependency section */
		9B2E423D2301AE73000F35A4 /* PBXTargetDependency */ = {
			isa = PBXTargetDependency;
			target = 9B2E42262301AE6D000F35A4 /* Tip-Top */;
			targetProxy = 9B2E423C2301AE73000F35A4 /* PBXContainerItemProxy */;
		};
		9B2E42482301AE73000F35A4 /* PBXTargetDependency */ = {
			isa = PBXTargetDependency;
			target = 9B2E42262301AE6D000F35A4 /* Tip-Top */;
			targetProxy = 9B2E42472301AE73000F35A4 /* PBXContainerItemProxy */;
		};
/* End PBXTargetDependency section */

/* Begin PBXVariantGroup section */
		9B2E422E2301AE6D000F35A4 /* Main.storyboard */ = {
			isa = PBXVariantGroup;
			children = (
				9B2E422F2301AE6D000F35A4 /* Base */,
			);
			name = Main.storyboard;
			sourceTree = "<group>";
		};
		9B2E42332301AE72000F35A4 /* LaunchScreen.storyboard */ = {
			isa = PBXVariantGroup;
			children = (
				9B2E42342301AE72000F35A4 /* Base */,
			);
			name = LaunchScreen.storyboard;
			sourceTree = "<group>";
		};
/* End PBXVariantGroup section */

/* Begin XCBuildConfiguration section */
		9B2E424D2301AE73000F35A4 /* Debug */ = {
			isa = XCBuildConfiguration;
			buildSettings = {
				ALWAYS_SEARCH_USER_PATHS = NO;
				CLANG_ANALYZER_NONNULL = YES;
				CLANG_ANALYZER_NUMBER_OBJECT_CONVERSION = YES_AGGRESSIVE;
				CLANG_CXX_LANGUAGE_STANDARD = "gnu++14";
				CLANG_CXX_LIBRARY = "libc++";
				CLANG_ENABLE_MODULES = YES;
				CLANG_ENABLE_OBJC_ARC = YES;
				CLANG_ENABLE_OBJC_WEAK = YES;
				CLANG_WARN_BLOCK_CAPTURE_AUTORELEASING = YES;
				CLANG_WARN_BOOL_CONVERSION = YES;
				CLANG_WARN_COMMA = YES;
				CLANG_WARN_CONSTANT_CONVERSION = YES;
				CLANG_WARN_DEPRECATED_OBJC_IMPLEMENTATIONS = YES;
				CLANG_WARN_DIRECT_OBJC_ISA_USAGE = YES_ERROR;
				CLANG_WARN_DOCUMENTATION_COMMENTS = YES;
				CLANG_WARN_EMPTY_BODY = YES;
				CLANG_WARN_ENUM_CONVERSION = YES;
				CLANG_WARN_INFINITE_RECURSION = YES;
				CLANG_WARN_INT_CONVERSION = YES;
				CLANG_WARN_NON_LITERAL_NULL_CONVERSION = YES;
				CLANG_WARN_OBJC_IMPLICIT_RETAIN_SELF = YES;
				CLANG_WARN_OBJC_LITERAL_CONVERSION = YES;
				CLANG_WARN_OBJC_ROOT_CLASS = YES_ERROR;
				CLANG_WARN_RANGE_LOOP_ANALYSIS = YES;
				CLANG_WARN_STRICT_PROTOTYPES = YES;
				CLANG_WARN_SUSPICIOUS_MOVE = YES;
				CLANG_WARN_UNGUARDED_AVAILABILITY = YES_AGGRESSIVE;
				CLANG_WARN_UNREACHABLE_CODE = YES;
				CLANG_WARN__DUPLICATE_METHOD_MATCH = YES;
				CODE_SIGN_IDENTITY = "iPhone Developer";
				COPY_PHASE_STRIP = NO;
				DEBUG_INFORMATION_FORMAT = dwarf;
				ENABLE_STRICT_OBJC_MSGSEND = YES;
				ENABLE_TESTABILITY = YES;
				GCC_C_LANGUAGE_STANDARD = gnu11;
				GCC_DYNAMIC_NO_PIC = NO;
				GCC_NO_COMMON_BLOCKS = YES;
				GCC_OPTIMIZATION_LEVEL = 0;
				GCC_PREPROCESSOR_DEFINITIONS = (
					"DEBUG=1",
					"$(inherited)",
				);
				GCC_WARN_64_TO_32_BIT_CONVERSION = YES;
				GCC_WARN_ABOUT_RETURN_TYPE = YES_ERROR;
				GCC_WARN_UNDECLARED_SELECTOR = YES;
				GCC_WARN_UNINITIALIZED_AUTOS = YES_AGGRESSIVE;
				GCC_WARN_UNUSED_FUNCTION = YES;
				GCC_WARN_UNUSED_VARIABLE = YES;
				IPHONEOS_DEPLOYMENT_TARGET = 12.4;
				MTL_ENABLE_DEBUG_INFO = INCLUDE_SOURCE;
				MTL_FAST_MATH = YES;
				ONLY_ACTIVE_ARCH = YES;
				SDKROOT = iphoneos;
				SWIFT_ACTIVE_COMPILATION_CONDITIONS = DEBUG;
				SWIFT_OPTIMIZATION_LEVEL = "-Onone";
			};
			name = Debug;
		};
		9B2E424E2301AE73000F35A4 /* Release */ = {
			isa = XCBuildConfiguration;
			buildSettings = {
				ALWAYS_SEARCH_USER_PATHS = NO;
				CLANG_ANALYZER_NONNULL = YES;
				CLANG_ANALYZER_NUMBER_OBJECT_CONVERSION = YES_AGGRESSIVE;
				CLANG_CXX_LANGUAGE_STANDARD = "gnu++14";
				CLANG_CXX_LIBRARY = "libc++";
				CLANG_ENABLE_MODULES = YES;
				CLANG_ENABLE_OBJC_ARC = YES;
				CLANG_ENABLE_OBJC_WEAK = YES;
				CLANG_WARN_BLOCK_CAPTURE_AUTORELEASING = YES;
				CLANG_WARN_BOOL_CONVERSION = YES;
				CLANG_WARN_COMMA = YES;
				CLANG_WARN_CONSTANT_CONVERSION = YES;
				CLANG_WARN_DEPRECATED_OBJC_IMPLEMENTATIONS = YES;
				CLANG_WARN_DIRECT_OBJC_ISA_USAGE = YES_ERROR;
				CLANG_WARN_DOCUMENTATION_COMMENTS = YES;
				CLANG_WARN_EMPTY_BODY = YES;
				CLANG_WARN_ENUM_CONVERSION = YES;
				CLANG_WARN_INFINITE_RECURSION = YES;
				CLANG_WARN_INT_CONVERSION = YES;
				CLANG_WARN_NON_LITERAL_NULL_CONVERSION = YES;
				CLANG_WARN_OBJC_IMPLICIT_RETAIN_SELF = YES;
				CLANG_WARN_OBJC_LITERAL_CONVERSION = YES;
				CLANG_WARN_OBJC_ROOT_CLASS = YES_ERROR;
				CLANG_WARN_RANGE_LOOP_ANALYSIS = YES;
				CLANG_WARN_STRICT_PROTOTYPES = YES;
				CLANG_WARN_SUSPICIOUS_MOVE = YES;
				CLANG_WARN_UNGUARDED_AVAILABILITY = YES_AGGRESSIVE;
				CLANG_WARN_UNREACHABLE_CODE = YES;
				CLANG_WARN__DUPLICATE_METHOD_MATCH = YES;
				CODE_SIGN_IDENTITY = "iPhone Developer";
				COPY_PHASE_STRIP = NO;
				DEBUG_INFORMATION_FORMAT = "dwarf-with-dsym";
				ENABLE_NS_ASSERTIONS = NO;
				ENABLE_STRICT_OBJC_MSGSEND = YES;
				GCC_C_LANGUAGE_STANDARD = gnu11;
				GCC_NO_COMMON_BLOCKS = YES;
				GCC_WARN_64_TO_32_BIT_CONVERSION = YES;
				GCC_WARN_ABOUT_RETURN_TYPE = YES_ERROR;
				GCC_WARN_UNDECLARED_SELECTOR = YES;
				GCC_WARN_UNINITIALIZED_AUTOS = YES_AGGRESSIVE;
				GCC_WARN_UNUSED_FUNCTION = YES;
				GCC_WARN_UNUSED_VARIABLE = YES;
				IPHONEOS_DEPLOYMENT_TARGET = 12.4;
				MTL_ENABLE_DEBUG_INFO = NO;
				MTL_FAST_MATH = YES;
				SDKROOT = iphoneos;
				SWIFT_COMPILATION_MODE = wholemodule;
				SWIFT_OPTIMIZATION_LEVEL = "-O";
				VALIDATE_PRODUCT = YES;
			};
			name = Release;
		};
		9B2E42502301AE73000F35A4 /* Debug */ = {
			isa = XCBuildConfiguration;
			buildSettings = {
				ASSETCATALOG_COMPILER_APPICON_NAME = AppIcon;
				CODE_SIGN_STYLE = Automatic;
				DEVELOPMENT_TEAM = 22FZHFGA38;
				INFOPLIST_FILE = "Tip-Top/Info.plist";
				LD_RUNPATH_SEARCH_PATHS = (
					"$(inherited)",
					"@executable_path/Frameworks",
				);
				PRODUCT_BUNDLE_IDENTIFIER = "me.JSA.Tip-Top";
				PRODUCT_NAME = "$(TARGET_NAME)";
				SWIFT_VERSION = 5.0;
				TARGETED_DEVICE_FAMILY = "1,2";
			};
			name = Debug;
		};
		9B2E42512301AE73000F35A4 /* Release */ = {
			isa = XCBuildConfiguration;
			buildSettings = {
				ASSETCATALOG_COMPILER_APPICON_NAME = AppIcon;
				CODE_SIGN_STYLE = Automatic;
				DEVELOPMENT_TEAM = 22FZHFGA38;
				INFOPLIST_FILE = "Tip-Top/Info.plist";
				LD_RUNPATH_SEARCH_PATHS = (
					"$(inherited)",
					"@executable_path/Frameworks",
				);
				PRODUCT_BUNDLE_IDENTIFIER = "me.JSA.Tip-Top";
				PRODUCT_NAME = "$(TARGET_NAME)";
				SWIFT_VERSION = 5.0;
				TARGETED_DEVICE_FAMILY = "1,2";
			};
			name = Release;
		};
		9B2E42532301AE73000F35A4 /* Debug */ = {
			isa = XCBuildConfiguration;
			buildSettings = {
				ALWAYS_EMBED_SWIFT_STANDARD_LIBRARIES = YES;
				BUNDLE_LOADER = "$(TEST_HOST)";
				CODE_SIGN_STYLE = Automatic;
				DEVELOPMENT_TEAM = 22FZHFGA38;
				INFOPLIST_FILE = "Tip-TopTests/Info.plist";
				LD_RUNPATH_SEARCH_PATHS = (
					"$(inherited)",
					"@executable_path/Frameworks",
					"@loader_path/Frameworks",
				);
				PRODUCT_BUNDLE_IDENTIFIER = "me.JSA.Tip-TopTests";
				PRODUCT_NAME = "$(TARGET_NAME)";
				SWIFT_VERSION = 5.0;
				TARGETED_DEVICE_FAMILY = "1,2";
				TEST_HOST = "$(BUILT_PRODUCTS_DIR)/Tip-Top.app/Tip-Top";
			};
			name = Debug;
		};
		9B2E42542301AE73000F35A4 /* Release */ = {
			isa = XCBuildConfiguration;
			buildSettings = {
				ALWAYS_EMBED_SWIFT_STANDARD_LIBRARIES = YES;
				BUNDLE_LOADER = "$(TEST_HOST)";
				CODE_SIGN_STYLE = Automatic;
				DEVELOPMENT_TEAM = 22FZHFGA38;
				INFOPLIST_FILE = "Tip-TopTests/Info.plist";
				LD_RUNPATH_SEARCH_PATHS = (
					"$(inherited)",
					"@executable_path/Frameworks",
					"@loader_path/Frameworks",
				);
				PRODUCT_BUNDLE_IDENTIFIER = "me.JSA.Tip-TopTests";
				PRODUCT_NAME = "$(TARGET_NAME)";
				SWIFT_VERSION = 5.0;
				TARGETED_DEVICE_FAMILY = "1,2";
				TEST_HOST = "$(BUILT_PRODUCTS_DIR)/Tip-Top.app/Tip-Top";
			};
			name = Release;
		};
		9B2E42562301AE73000F35A4 /* Debug */ = {
			isa = XCBuildConfiguration;
			buildSettings = {
				ALWAYS_EMBED_SWIFT_STANDARD_LIBRARIES = YES;
				CODE_SIGN_STYLE = Automatic;
				DEVELOPMENT_TEAM = 22FZHFGA38;
				INFOPLIST_FILE = "Tip-TopUITests/Info.plist";
				LD_RUNPATH_SEARCH_PATHS = (
					"$(inherited)",
					"@executable_path/Frameworks",
					"@loader_path/Frameworks",
				);
				PRODUCT_BUNDLE_IDENTIFIER = "me.JSA.Tip-TopUITests";
				PRODUCT_NAME = "$(TARGET_NAME)";
				SWIFT_VERSION = 5.0;
				TARGETED_DEVICE_FAMILY = "1,2";
				TEST_TARGET_NAME = "Tip-Top";
			};
			name = Debug;
		};
		9B2E42572301AE73000F35A4 /* Release */ = {
			isa = XCBuildConfiguration;
			buildSettings = {
				ALWAYS_EMBED_SWIFT_STANDARD_LIBRARIES = YES;
				CODE_SIGN_STYLE = Automatic;
				DEVELOPMENT_TEAM = 22FZHFGA38;
				INFOPLIST_FILE = "Tip-TopUITests/Info.plist";
				LD_RUNPATH_SEARCH_PATHS = (
					"$(inherited)",
					"@executable_path/Frameworks",
					"@loader_path/Frameworks",
				);
				PRODUCT_BUNDLE_IDENTIFIER = "me.JSA.Tip-TopUITests";
				PRODUCT_NAME = "$(TARGET_NAME)";
				SWIFT_VERSION = 5.0;
				TARGETED_DEVICE_FAMILY = "1,2";
				TEST_TARGET_NAME = "Tip-Top";
			};
			name = Release;
		};
/* End XCBuildConfiguration section */

/* Begin XCConfigurationList section */
		9B2E42222301AE6D000F35A4 /* Build configuration list for PBXProject "Tip-Top" */ = {
			isa = XCConfigurationList;
			buildConfigurations = (
				9B2E424D2301AE73000F35A4 /* Debug */,
				9B2E424E2301AE73000F35A4 /* Release */,
			);
			defaultConfigurationIsVisible = 0;
			defaultConfigurationName = Release;
		};
		9B2E424F2301AE73000F35A4 /* Build configuration list for PBXNativeTarget "Tip-Top" */ = {
			isa = XCConfigurationList;
			buildConfigurations = (
				9B2E42502301AE73000F35A4 /* Debug */,
				9B2E42512301AE73000F35A4 /* Release */,
			);
			defaultConfigurationIsVisible = 0;
			defaultConfigurationName = Release;
		};
		9B2E42522301AE73000F35A4 /* Build configuration list for PBXNativeTarget "Tip-TopTests" */ = {
			isa = XCConfigurationList;
			buildConfigurations = (
				9B2E42532301AE73000F35A4 /* Debug */,
				9B2E42542301AE73000F35A4 /* Release */,
			);
			defaultConfigurationIsVisible = 0;
			defaultConfigurationName = Release;
		};
		9B2E42552301AE73000F35A4 /* Build configuration list for PBXNativeTarget "Tip-TopUITests" */ = {
			isa = XCConfigurationList;
			buildConfigurations = (
				9B2E42562301AE73000F35A4 /* Debug */,
				9B2E42572301AE73000F35A4 /* Release */,
			);
			defaultConfigurationIsVisible = 0;
			defaultConfigurationName = Release;
		};
/* End XCConfigurationList section */
	};
	rootObject = 9B2E421F2301AE6D000F35A4 /* Project object */;
}
